
Microsoft Visual Studio Solution File, Format Version 12.00
# Visual Studio Version 16
VisualStudioVersion = 16.0.30517.126
MinimumVisualStudioVersion = 10.0.40219.1
Project("{9A19103F-16F7-4668-BE54-9A1E7A4F7556}") = "InterScOM", "InterScOM\InterScOM.csproj", "{A353DF8F-8385-47B4-B3E4-974027C4155A}"
EndProject
Project("{9A19103F-16F7-4668-BE54-9A1E7A4F7556}") = "InterScOMML.Model", "InterScOMML.Model\InterScOMML.Model.csproj", "{78AD2339-752E-47B2-B483-C2FF1CADAB29}"
EndProject
Global
	GlobalSection(SolutionConfigurationPlatforms) = preSolution
		Debug|Any CPU = Debug|Any CPU
		Release|Any CPU = Release|Any CPU
	EndGlobalSection
	GlobalSection(ProjectConfigurationPlatforms) = postSolution
		{A353DF8F-8385-47B4-B3E4-974027C4155A}.Debug|Any CPU.ActiveCfg = Debug|Any CPU
		{A353DF8F-8385-47B4-B3E4-974027C4155A}.Debug|Any CPU.Build.0 = Debug|Any CPU
		{A353DF8F-8385-47B4-B3E4-974027C4155A}.Release|Any CPU.ActiveCfg = Release|Any CPU
		{A353DF8F-8385-47B4-B3E4-974027C4155A}.Release|Any CPU.Build.0 = Release|Any CPU
		{78AD2339-752E-47B2-B483-C2FF1CADAB29}.Debug|Any CPU.ActiveCfg = Debug|Any CPU
		{78AD2339-752E-47B2-B483-C2FF1CADAB29}.Debug|Any CPU.Build.0 = Debug|Any CPU
		{78AD2339-752E-47B2-B483-C2FF1CADAB29}.Release|Any CPU.ActiveCfg = Release|Any CPU
		{78AD2339-752E-47B2-B483-C2FF1CADAB29}.Release|Any CPU.Build.0 = Release|Any CPU
	EndGlobalSection
	GlobalSection(SolutionProperties) = preSolution
		HideSolutionNode = FALSE
	EndGlobalSection
	GlobalSection(ExtensibilityGlobals) = postSolution
		SolutionGuid = {DE1B3181-1132-435F-ADD1-CD5AD950700F}
	EndGlobalSection
EndGlobal
